# THIS IS AN AUTOGENERATED FILE. DO NOT EDIT THIS FILE DIRECTLY.
# yarn lockfile v1


"@cspotcode/source-map-support@^0.8.0":
  version "0.8.1"
  resolved "https://registry.yarnpkg.com/@cspotcode/source-map-support/-/source-map-support-0.8.1.tgz#00629c35a688e05a88b1cda684fb9d5e73f000a1"
  integrity sha512-IchNf6dN4tHoMFIn/7OE8LWZ19Y6q/67Bmf6vnGREv8RSbBVb9LPJxEcnwrcwX6ixSvaiGoomAUvu4YSxXrVgw==
  dependencies:
    "@jridgewell/trace-mapping" "0.3.9"

"@esbuild/android-arm64@0.17.17":
  version "0.17.17"
  resolved "https://registry.yarnpkg.com/@esbuild/android-arm64/-/android-arm64-0.17.17.tgz#164b054d58551f8856285f386e1a8f45d9ba3a31"
  integrity sha512-jaJ5IlmaDLFPNttv0ofcwy/cfeY4bh/n705Tgh+eLObbGtQBK3EPAu+CzL95JVE4nFAliyrnEu0d32Q5foavqg==

"@esbuild/android-arm@0.17.17":
  version "0.17.17"
  resolved "https://registry.yarnpkg.com/@esbuild/android-arm/-/android-arm-0.17.17.tgz#1b3b5a702a69b88deef342a7a80df4c894e4f065"
  integrity sha512-E6VAZwN7diCa3labs0GYvhEPL2M94WLF8A+czO8hfjREXxba8Ng7nM5VxV+9ihNXIY1iQO1XxUU4P7hbqbICxg==

"@esbuild/android-x64@0.17.17":
  version "0.17.17"
  resolved "https://registry.yarnpkg.com/@esbuild/android-x64/-/android-x64-0.17.17.tgz#6781527e3c4ea4de532b149d18a2167f06783e7f"
  integrity sha512-446zpfJ3nioMC7ASvJB1pszHVskkw4u/9Eu8s5yvvsSDTzYh4p4ZIRj0DznSl3FBF0Z/mZfrKXTtt0QCoFmoHA==

"@esbuild/darwin-arm64@0.17.17":
  version "0.17.17"
  resolved "https://registry.yarnpkg.com/@esbuild/darwin-arm64/-/darwin-arm64-0.17.17.tgz#c5961ef4d3c1cc80dafe905cc145b5a71d2ac196"
  integrity sha512-m/gwyiBwH3jqfUabtq3GH31otL/0sE0l34XKpSIqR7NjQ/XHQ3lpmQHLHbG8AHTGCw8Ao059GvV08MS0bhFIJQ==

"@esbuild/darwin-x64@0.17.17":
  version "0.17.17"
  resolved "https://registry.yarnpkg.com/@esbuild/darwin-x64/-/darwin-x64-0.17.17.tgz#b81f3259cc349691f67ae30f7b333a53899b3c20"
  integrity sha512-4utIrsX9IykrqYaXR8ob9Ha2hAY2qLc6ohJ8c0CN1DR8yWeMrTgYFjgdeQ9LIoTOfLetXjuCu5TRPHT9yKYJVg==

"@esbuild/freebsd-arm64@0.17.17":
  version "0.17.17"
  resolved "https://registry.yarnpkg.com/@esbuild/freebsd-arm64/-/freebsd-arm64-0.17.17.tgz#db846ad16cf916fd3acdda79b85ea867cb100e87"
  integrity sha512-4PxjQII/9ppOrpEwzQ1b0pXCsFLqy77i0GaHodrmzH9zq2/NEhHMAMJkJ635Ns4fyJPFOlHMz4AsklIyRqFZWA==

"@esbuild/freebsd-x64@0.17.17":
  version "0.17.17"
  resolved "https://registry.yarnpkg.com/@esbuild/freebsd-x64/-/freebsd-x64-0.17.17.tgz#4dd99acbaaba00949d509e7c144b1b6ef9e1815b"
  integrity sha512-lQRS+4sW5S3P1sv0z2Ym807qMDfkmdhUYX30GRBURtLTrJOPDpoU0kI6pVz1hz3U0+YQ0tXGS9YWveQjUewAJw==

"@esbuild/linux-arm64@0.17.17":
  version "0.17.17"
  resolved "https://registry.yarnpkg.com/@esbuild/linux-arm64/-/linux-arm64-0.17.17.tgz#7f9274140b2bb9f4230dbbfdf5dc2761215e30f6"
  integrity sha512-2+pwLx0whKY1/Vqt8lyzStyda1v0qjJ5INWIe+d8+1onqQxHLLi3yr5bAa4gvbzhZqBztifYEu8hh1La5+7sUw==

"@esbuild/linux-arm@0.17.17":
  version "0.17.17"
  resolved "https://registry.yarnpkg.com/@esbuild/linux-arm/-/linux-arm-0.17.17.tgz#5c8e44c2af056bb2147cf9ad13840220bcb8948b"
  integrity sha512-biDs7bjGdOdcmIk6xU426VgdRUpGg39Yz6sT9Xp23aq+IEHDb/u5cbmu/pAANpDB4rZpY/2USPhCA+w9t3roQg==

"@esbuild/linux-ia32@0.17.17":
  version "0.17.17"
  resolved "https://registry.yarnpkg.com/@esbuild/linux-ia32/-/linux-ia32-0.17.17.tgz#18a6b3798658be7f46e9873fa0c8d4bec54c9212"
  integrity sha512-IBTTv8X60dYo6P2t23sSUYym8fGfMAiuv7PzJ+0LcdAndZRzvke+wTVxJeCq4WgjppkOpndL04gMZIFvwoU34Q==

"@esbuild/linux-loong64@0.17.17":
  version "0.17.17"
  resolved "https://registry.yarnpkg.com/@esbuild/linux-loong64/-/linux-loong64-0.17.17.tgz#a8d93514a47f7b4232716c9f02aeb630bae24c40"
  integrity sha512-WVMBtcDpATjaGfWfp6u9dANIqmU9r37SY8wgAivuKmgKHE+bWSuv0qXEFt/p3qXQYxJIGXQQv6hHcm7iWhWjiw==

"@esbuild/linux-mips64el@0.17.17":
  version "0.17.17"
  resolved "https://registry.yarnpkg.com/@esbuild/linux-mips64el/-/linux-mips64el-0.17.17.tgz#4784efb1c3f0eac8133695fa89253d558149ee1b"
  integrity sha512-2kYCGh8589ZYnY031FgMLy0kmE4VoGdvfJkxLdxP4HJvWNXpyLhjOvxVsYjYZ6awqY4bgLR9tpdYyStgZZhi2A==

"@esbuild/linux-ppc64@0.17.17":
  version "0.17.17"
  resolved "https://registry.yarnpkg.com/@esbuild/linux-ppc64/-/linux-ppc64-0.17.17.tgz#ef6558ec5e5dd9dc16886343e0ccdb0699d70d3c"
  integrity sha512-KIdG5jdAEeAKogfyMTcszRxy3OPbZhq0PPsW4iKKcdlbk3YE4miKznxV2YOSmiK/hfOZ+lqHri3v8eecT2ATwQ==

"@esbuild/linux-riscv64@0.17.17":
  version "0.17.17"
  resolved "https://registry.yarnpkg.com/@esbuild/linux-riscv64/-/linux-riscv64-0.17.17.tgz#13a87fdbcb462c46809c9d16bcf79817ecf9ce6f"
  integrity sha512-Cj6uWLBR5LWhcD/2Lkfg2NrkVsNb2sFM5aVEfumKB2vYetkA/9Uyc1jVoxLZ0a38sUhFk4JOVKH0aVdPbjZQeA==

"@esbuild/linux-s390x@0.17.17":
  version "0.17.17"
  resolved "https://registry.yarnpkg.com/@esbuild/linux-s390x/-/linux-s390x-0.17.17.tgz#83cb16d1d3ac0dca803b3f031ba3dc13f1ec7ade"
  integrity sha512-lK+SffWIr0XsFf7E0srBjhpkdFVJf3HEgXCwzkm69kNbRar8MhezFpkIwpk0qo2IOQL4JE4mJPJI8AbRPLbuOQ==

"@esbuild/linux-x64@0.17.17":
  version "0.17.17"
  resolved "https://registry.yarnpkg.com/@esbuild/linux-x64/-/linux-x64-0.17.17.tgz#7bc400568690b688e20a0c94b2faabdd89ae1a79"
  integrity sha512-XcSGTQcWFQS2jx3lZtQi7cQmDYLrpLRyz1Ns1DzZCtn898cWfm5Icx/DEWNcTU+T+tyPV89RQtDnI7qL2PObPg==

"@esbuild/netbsd-x64@0.17.17":
  version "0.17.17"
  resolved "https://registry.yarnpkg.com/@esbuild/netbsd-x64/-/netbsd-x64-0.17.17.tgz#1b5dcfbc4bfba80e67a11e9148de836af5b58b6c"
  integrity sha512-RNLCDmLP5kCWAJR+ItLM3cHxzXRTe4N00TQyQiimq+lyqVqZWGPAvcyfUBM0isE79eEZhIuGN09rAz8EL5KdLA==

"@esbuild/openbsd-x64@0.17.17":
  version "0.17.17"
  resolved "https://registry.yarnpkg.com/@esbuild/openbsd-x64/-/openbsd-x64-0.17.17.tgz#e275098902291149a5dcd012c9ea0796d6b7adff"
  integrity sha512-PAXswI5+cQq3Pann7FNdcpSUrhrql3wKjj3gVkmuz6OHhqqYxKvi6GgRBoaHjaG22HV/ZZEgF9TlS+9ftHVigA==

"@esbuild/sunos-x64@0.17.17":
  version "0.17.17"
  resolved "https://registry.yarnpkg.com/@esbuild/sunos-x64/-/sunos-x64-0.17.17.tgz#10603474866f64986c0370a2d4fe5a2bb7fee4f5"
  integrity sha512-V63egsWKnx/4V0FMYkr9NXWrKTB5qFftKGKuZKFIrAkO/7EWLFnbBZNM1CvJ6Sis+XBdPws2YQSHF1Gqf1oj/Q==

"@esbuild/win32-arm64@0.17.17":
  version "0.17.17"
  resolved "https://registry.yarnpkg.com/@esbuild/win32-arm64/-/win32-arm64-0.17.17.tgz#521a6d97ee0f96b7c435930353cc4e93078f0b54"
  integrity sha512-YtUXLdVnd6YBSYlZODjWzH+KzbaubV0YVd6UxSfoFfa5PtNJNaW+1i+Hcmjpg2nEe0YXUCNF5bkKy1NnBv1y7Q==

"@esbuild/win32-ia32@0.17.17":
  version "0.17.17"
  resolved "https://registry.yarnpkg.com/@esbuild/win32-ia32/-/win32-ia32-0.17.17.tgz#56f88462ebe82dad829dc2303175c0e0ccd8e38e"
  integrity sha512-yczSLRbDdReCO74Yfc5tKG0izzm+lPMYyO1fFTcn0QNwnKmc3K+HdxZWLGKg4pZVte7XVgcFku7TIZNbWEJdeQ==

"@esbuild/win32-x64@0.17.17":
  version "0.17.17"
  resolved "https://registry.yarnpkg.com/@esbuild/win32-x64/-/win32-x64-0.17.17.tgz#2b577b976e6844106715bbe0cdc57cd1528063f9"
  integrity sha512-FNZw7H3aqhF9OyRQbDDnzUApDXfC1N6fgBhkqEO2jvYCJ+DxMTfZVqg3AX0R1khg1wHTBRD5SdcibSJ+XF6bFg==

"@girs/atk-1.0@^2.45.1-3.0.0-beta.12":
  version "2.45.1-3.0.0-beta.12"
  resolved "https://registry.yarnpkg.com/@girs/atk-1.0/-/atk-1.0-2.45.1-3.0.0-beta.12.tgz#a94ec936103f582946e5fd06d4a3bf7e42fcf368"
  integrity sha512-pm1fQo10jfONBU+ROJ+GyhDgBdpBqgoA7jgBvYTQexFU0dldndxJEqTt7pSsNVj94alPa7X/YeWFQlkkG+tb+A==
  dependencies:
    "@girs/glib-2.0" "^2.75.1-3.0.0-beta.12"
    "@girs/gobject-2.0" "^2.75.1-3.0.0-beta.12"

"@girs/cairo-1.0@^1.0.0-3.0.0-beta.12":
  version "1.0.0-3.0.0-beta.12"
  resolved "https://registry.yarnpkg.com/@girs/cairo-1.0/-/cairo-1.0-1.0.0-3.0.0-beta.12.tgz#07502d164b4be0d4fdd92fc0afe686fc8191b00e"
  integrity sha512-6dXUTKhS7v2mcVsEwEljxaLQAuOP+FVbF1KPaXhHZqrz5Om4z2B5Fw0yonyiE1g+jGycYoQA1XEhOSU06sbXog==
  dependencies:
    "@girs/gobject-2.0" "^2.75.1-3.0.0-beta.12"

"@girs/clutter-11@^11.0.0-3.0.0-beta.12":
  version "11.0.0-3.0.0-beta.12"
  resolved "https://registry.yarnpkg.com/@girs/clutter-11/-/clutter-11-11.0.0-3.0.0-beta.12.tgz#a91bb63bc8630c9a377226a9cc81e79811f616cb"
  integrity sha512-GWimjJQjMqki1bcgr4PzNPO0sQCwrwT1pjrPvluR2ojd/7uiF3IoQi9cBHhSZaM/OhltWfupsqucU6mX9vXlYA==
  dependencies:
    "@girs/atk-1.0" "^2.45.1-3.0.0-beta.12"
    "@girs/cairo-1.0" "^1.0.0-3.0.0-beta.12"
    "@girs/cogl-11" "^11.0.0-3.0.0-beta.12"
    "@girs/coglpango-11" "^11.0.0-3.0.0-beta.12"
    "@girs/freetype2-2.0" "^2.0.0-3.0.0-beta.12"
    "@girs/gio-2.0" "^2.75.1-3.0.0-beta.12"
    "@girs/gl-1.0" "^1.0.0-3.0.0-beta.12"
    "@girs/glib-2.0" "^2.75.1-3.0.0-beta.12"
    "@girs/gobject-2.0" "^2.75.1-3.0.0-beta.12"
    "@girs/graphene-1.0" "^1.0.0-3.0.0-beta.12"
    "@girs/harfbuzz-0.0" "^6.0.0-3.0.0-beta.12"
    "@girs/json-1.0" "^1.7.1-3.0.0-beta.12"
    "@girs/pango-1.0" "^1.50.13-3.0.0-beta.12"
    "@girs/pangocairo-1.0" "^1.0.0-3.0.0-beta.12"

"@girs/cogl-11@^11.0.0-3.0.0-beta.12":
  version "11.0.0-3.0.0-beta.12"
  resolved "https://registry.yarnpkg.com/@girs/cogl-11/-/cogl-11-11.0.0-3.0.0-beta.12.tgz#ae78450028f705570e21dc941bb61b18af6b6855"
  integrity sha512-dqwZK8NbL/KrMSG0Hq711KOBv2BeGfQ2xe0F7hYuMJVluB2Rg9XVQwzVieXYDB/zZdyU/9AOoaHdNkZ57l2sfw==
  dependencies:
    "@girs/cairo-1.0" "^1.0.0-3.0.0-beta.12"
    "@girs/gl-1.0" "^1.0.0-3.0.0-beta.12"
    "@girs/glib-2.0" "^2.75.1-3.0.0-beta.12"
    "@girs/gobject-2.0" "^2.75.1-3.0.0-beta.12"
    "@girs/graphene-1.0" "^1.0.0-3.0.0-beta.12"

"@girs/coglpango-11@^11.0.0-3.0.0-beta.12":
  version "11.0.0-3.0.0-beta.12"
  resolved "https://registry.yarnpkg.com/@girs/coglpango-11/-/coglpango-11-11.0.0-3.0.0-beta.12.tgz#18882d9c91aeedb3372be2873e1629cbd70335df"
  integrity sha512-OUThrM5AjkfQaIEyItiMTA5fZWpqh5q/rkHPRfaqrL63fRgdWDa1g0TRgicRnsSm4m6zoyc1wkLubUZ7j+NDJQ==
  dependencies:
    "@girs/cairo-1.0" "^1.0.0-3.0.0-beta.12"
    "@girs/cogl-11" "^11.0.0-3.0.0-beta.12"
    "@girs/freetype2-2.0" "^2.0.0-3.0.0-beta.12"
    "@girs/gio-2.0" "^2.75.1-3.0.0-beta.12"
    "@girs/gl-1.0" "^1.0.0-3.0.0-beta.12"
    "@girs/glib-2.0" "^2.75.1-3.0.0-beta.12"
    "@girs/gobject-2.0" "^2.75.1-3.0.0-beta.12"
    "@girs/graphene-1.0" "^1.0.0-3.0.0-beta.12"
    "@girs/harfbuzz-0.0" "^6.0.0-3.0.0-beta.12"
    "@girs/pango-1.0" "^1.50.13-3.0.0-beta.12"
    "@girs/pangocairo-1.0" "^1.0.0-3.0.0-beta.12"

"@girs/freetype2-2.0@^2.0.0-3.0.0-beta.12":
  version "2.0.0-3.0.0-beta.12"
  resolved "https://registry.yarnpkg.com/@girs/freetype2-2.0/-/freetype2-2.0-2.0.0-3.0.0-beta.12.tgz#8394b89c84236b2d366b1b3570fd70b3a396ab76"
  integrity sha512-ar5az1nSnQINeSrQC3asJPTczdILp+NW01vtoaAcg1RCbjegYzbSBSz3wtqfvgIWv+msF60NL3jlgVPeTW1zrA==
  dependencies:
    "@girs/gobject-2.0" "^2.75.1-3.0.0-beta.12"

"@girs/gdesktopenums-3.0@^3.0.0-3.0.0-beta.12":
  version "3.0.0-3.0.0-beta.12"
  resolved "https://registry.yarnpkg.com/@girs/gdesktopenums-3.0/-/gdesktopenums-3.0-3.0.0-3.0.0-beta.12.tgz#1cf918b670397716dffe0390f34613964fd01973"
  integrity sha512-EZ4ApyVcIx6O7f7Y4C0XndEIweYDRWVAZlB26ttS4kDCUXrJHSyotGneQdXfKqiq/vkmhJY8k8FD8fBYp+nTcg==
  dependencies:
    "@girs/gobject-2.0" "^2.75.1-3.0.0-beta.12"

"@girs/gdk-3.0@^3.24.36-3.0.0-beta.12":
  version "3.24.36-3.0.0-beta.12"
  resolved "https://registry.yarnpkg.com/@girs/gdk-3.0/-/gdk-3.0-3.24.36-3.0.0-beta.12.tgz#3a8d0fc959e0db153ebeda38a83634055c3943f0"
  integrity sha512-pe9FOrE4Jq93qeQhEk/uMRhCzPXHs6AwVU7RSX/ZZscjlTF4lGaOSIuvSplhQYMBHv0DeOsSThXNYdYcqnVQdA==
  dependencies:
    "@girs/cairo-1.0" "^1.0.0-3.0.0-beta.12"
    "@girs/freetype2-2.0" "^2.0.0-3.0.0-beta.12"
    "@girs/gdkpixbuf-2.0" "^2.0.0-3.0.0-beta.12"
    "@girs/gio-2.0" "^2.75.1-3.0.0-beta.12"
    "@girs/glib-2.0" "^2.75.1-3.0.0-beta.12"
    "@girs/gmodule-2.0" "^2.0.0-3.0.0-beta.12"
    "@girs/gobject-2.0" "^2.75.1-3.0.0-beta.12"
    "@girs/harfbuzz-0.0" "^6.0.0-3.0.0-beta.12"
    "@girs/pango-1.0" "^1.50.13-3.0.0-beta.12"

"@girs/gdkpixbuf-2.0@^2.0.0-3.0.0-beta.12":
  version "2.0.0-3.0.0-beta.12"
  resolved "https://registry.yarnpkg.com/@girs/gdkpixbuf-2.0/-/gdkpixbuf-2.0-2.0.0-3.0.0-beta.12.tgz#60d3382970014f3dae78173e6dc57691263ad3bc"
  integrity sha512-tgkQ1JLekz8WzMFbogUkro/a3HjeKkz3Jor1eHf4tImUrVb5q1o9s6yhHBgPbTp+uOmL/nKAyR6dl2kAiBlfBw==
  dependencies:
    "@girs/gio-2.0" "^2.75.1-3.0.0-beta.12"
    "@girs/glib-2.0" "^2.75.1-3.0.0-beta.12"
    "@girs/gmodule-2.0" "^2.0.0-3.0.0-beta.12"
    "@girs/gobject-2.0" "^2.75.1-3.0.0-beta.12"

"@girs/gio-2.0@^2.75.1-3.0.0-beta.12":
  version "2.75.1-3.0.0-beta.12"
  resolved "https://registry.yarnpkg.com/@girs/gio-2.0/-/gio-2.0-2.75.1-3.0.0-beta.12.tgz#d9c88a323f92cf3f06e521fe77a13030ed2a0c4a"
  integrity sha512-Ykm5GFMXtzLUCtD2/m0HcSN5dk5/lE5+8TX3awkrUqhvb9ATAeAkiazDkD3EQGUc1BvByLEUJ2MVMk73Jqnlhg==
  dependencies:
    "@girs/glib-2.0" "^2.75.1-3.0.0-beta.12"
    "@girs/gobject-2.0" "^2.75.1-3.0.0-beta.12"

"@girs/gl-1.0@^1.0.0-3.0.0-beta.12":
  version "1.0.0-3.0.0-beta.12"
  resolved "https://registry.yarnpkg.com/@girs/gl-1.0/-/gl-1.0-1.0.0-3.0.0-beta.12.tgz#2023a00e562a7bc3c0bed34b282b805927392dd9"
  integrity sha512-x1ERLfb7fbg9Xl8Kto4x09HmRuEYKlJpZcsEziQABm1fU/0KhKcNmMhxvM6GOO5W6XXzPX/hSdPsHo4Egteing==
  dependencies:
    "@girs/gobject-2.0" "^2.75.1-3.0.0-beta.12"

"@girs/glib-2.0@^2.75.1-3.0.0-beta.12":
  version "2.75.1-3.0.0-beta.12"
  resolved "https://registry.yarnpkg.com/@girs/glib-2.0/-/glib-2.0-2.75.1-3.0.0-beta.12.tgz#b02b4ea76d5d4355a0ada08db30723a19f2b4eb9"
  integrity sha512-CfA5PZavhpb3om2/hKrvNBMP8O8mkhzH1vSB6BPuU5SNNzEFP37SMBMh5le90P9xtoAXlIR8BdjNTxgtvwY4cA==
  dependencies:
    "@girs/gobject-2.0" "^2.75.1-3.0.0-beta.12"

"@girs/gmodule-2.0@^2.0.0-3.0.0-beta.12":
  version "2.0.0-3.0.0-beta.12"
  resolved "https://registry.yarnpkg.com/@girs/gmodule-2.0/-/gmodule-2.0-2.0.0-3.0.0-beta.12.tgz#24df1a0ffea07c34b072545e21df4b5f7464a632"
  integrity sha512-bOPMXjzBXGJjlCC3IslEDjv6CrioyFbWLEUfX3T4YrErG1d5JXoseEOJ1u5ECQ1GpSG0DCQW0lzF1xv/aqSSpw==
  dependencies:
    "@girs/glib-2.0" "^2.75.1-3.0.0-beta.12"
    "@girs/gobject-2.0" "^2.75.1-3.0.0-beta.12"

"@girs/gobject-2.0@^2.75.1-3.0.0-beta.12":
  version "2.75.1-3.0.0-beta.12"
  resolved "https://registry.yarnpkg.com/@girs/gobject-2.0/-/gobject-2.0-2.75.1-3.0.0-beta.12.tgz#b82b01b4649fd0c9e038b7e171b9314a1d35ede7"
  integrity sha512-q5lCpcgGOSzs/2/Z1DDnQ5JSwq8WY25A+TwBVtb6ks3B+tj+oqCQ9fNXZ9iVRf8tEJKCU3NwLIjKtTGoH1JpDQ==
  dependencies:
    "@girs/glib-2.0" "^2.75.1-3.0.0-beta.12"

"@girs/graphene-1.0@^1.0.0-3.0.0-beta.12":
  version "1.0.0-3.0.0-beta.12"
  resolved "https://registry.yarnpkg.com/@girs/graphene-1.0/-/graphene-1.0-1.0.0-3.0.0-beta.12.tgz#323d823a95cf7087cd05034d60822873d62a982b"
  integrity sha512-r1vb54otASwDR6fp6ZWdO95ASinIH97O+oDFdgfEyeciFio6r8thB9cLpuS3+l065MM4WF64raxveEtDmKxVTQ==
  dependencies:
    "@girs/glib-2.0" "^2.75.1-3.0.0-beta.12"
    "@girs/gobject-2.0" "^2.75.1-3.0.0-beta.12"

"@girs/gtk-3.0@^3.24.36-3.0.0-beta.12":
  version "3.24.36-3.0.0-beta.12"
  resolved "https://registry.yarnpkg.com/@girs/gtk-3.0/-/gtk-3.0-3.24.36-3.0.0-beta.12.tgz#ee582acf9b9439b5792df5693a157a2ad392c4db"
  integrity sha512-9RGCcVSzHzRRihvXTuL8nyHqsSCuIamBIhXEfuz8bWyoOteHwpfeosGdIsBx59h1Nl+w28QUCo4NIPyLHFN56g==
  dependencies:
    "@girs/atk-1.0" "^2.45.1-3.0.0-beta.12"
    "@girs/cairo-1.0" "^1.0.0-3.0.0-beta.12"
    "@girs/freetype2-2.0" "^2.0.0-3.0.0-beta.12"
    "@girs/gdk-3.0" "^3.24.36-3.0.0-beta.12"
    "@girs/gdkpixbuf-2.0" "^2.0.0-3.0.0-beta.12"
    "@girs/gio-2.0" "^2.75.1-3.0.0-beta.12"
    "@girs/glib-2.0" "^2.75.1-3.0.0-beta.12"
    "@girs/gmodule-2.0" "^2.0.0-3.0.0-beta.12"
    "@girs/gobject-2.0" "^2.75.1-3.0.0-beta.12"
    "@girs/harfbuzz-0.0" "^6.0.0-3.0.0-beta.12"
    "@girs/pango-1.0" "^1.50.13-3.0.0-beta.12"
    "@girs/xlib-2.0" "^2.0.0-3.0.0-beta.12"

"@girs/harfbuzz-0.0@^6.0.0-3.0.0-beta.12":
  version "6.0.0-3.0.0-beta.12"
  resolved "https://registry.yarnpkg.com/@girs/harfbuzz-0.0/-/harfbuzz-0.0-6.0.0-3.0.0-beta.12.tgz#843fff7ab9acfbbf4c7959e30e71ad5f7b7ddcad"
  integrity sha512-r9+tTVk+FShb2VdwBemZcJuzBaMLlgqOJpfx2UAkrH+MdwOGRAwhR2/lmXTKrBFJBlvHg239KcSVxhQUDuoysQ==
  dependencies:
    "@girs/freetype2-2.0" "^2.0.0-3.0.0-beta.12"
    "@girs/glib-2.0" "^2.75.1-3.0.0-beta.12"
    "@girs/gobject-2.0" "^2.75.1-3.0.0-beta.12"

"@girs/json-1.0@^1.7.1-3.0.0-beta.12":
  version "1.7.1-3.0.0-beta.12"
  resolved "https://registry.yarnpkg.com/@girs/json-1.0/-/json-1.0-1.7.1-3.0.0-beta.12.tgz#0f8a7414530df064e2d8bc98ec81625568309247"
  integrity sha512-DxnjsGnbVfEcZ/ELeHDs3406YhAkk9Enzrh0NntIm/7o33z+xLQAJROIeQhzhj4Q1g1PNHtcLwIAd8SfIMjB9g==
  dependencies:
    "@girs/gio-2.0" "^2.75.1-3.0.0-beta.12"
    "@girs/glib-2.0" "^2.75.1-3.0.0-beta.12"
    "@girs/gobject-2.0" "^2.75.1-3.0.0-beta.12"

"@girs/meta-11@^11.0.0-3.0.0-beta.12":
  version "11.0.0-3.0.0-beta.12"
  resolved "https://registry.yarnpkg.com/@girs/meta-11/-/meta-11-11.0.0-3.0.0-beta.12.tgz#0b03fdf13f4a8cdd8780bff46c25de6123726a2f"
  integrity sha512-H5mUryrWGuXg6mCPq2DXTKEStTPCsDFirpsxH9WxNvqSG3YjRv9sG/sJrxMbbsM8jeY5q/POveQLbH5zHCBhQw==
  dependencies:
    "@girs/atk-1.0" "^2.45.1-3.0.0-beta.12"
    "@girs/cairo-1.0" "^1.0.0-3.0.0-beta.12"
    "@girs/clutter-11" "^11.0.0-3.0.0-beta.12"
    "@girs/cogl-11" "^11.0.0-3.0.0-beta.12"
    "@girs/coglpango-11" "^11.0.0-3.0.0-beta.12"
    "@girs/freetype2-2.0" "^2.0.0-3.0.0-beta.12"
    "@girs/gdesktopenums-3.0" "^3.0.0-3.0.0-beta.12"
    "@girs/gdk-3.0" "^3.24.36-3.0.0-beta.12"
    "@girs/gdkpixbuf-2.0" "^2.0.0-3.0.0-beta.12"
    "@girs/gio-2.0" "^2.75.1-3.0.0-beta.12"
    "@girs/gl-1.0" "^1.0.0-3.0.0-beta.12"
    "@girs/glib-2.0" "^2.75.1-3.0.0-beta.12"
    "@girs/gmodule-2.0" "^2.0.0-3.0.0-beta.12"
    "@girs/gobject-2.0" "^2.75.1-3.0.0-beta.12"
    "@girs/graphene-1.0" "^1.0.0-3.0.0-beta.12"
    "@girs/gtk-3.0" "^3.24.36-3.0.0-beta.12"
    "@girs/harfbuzz-0.0" "^6.0.0-3.0.0-beta.12"
    "@girs/json-1.0" "^1.7.1-3.0.0-beta.12"
    "@girs/pango-1.0" "^1.50.13-3.0.0-beta.12"
    "@girs/pangocairo-1.0" "^1.0.0-3.0.0-beta.12"
    "@girs/xfixes-4.0" "^4.0.0-3.0.0-beta.12"
    "@girs/xlib-2.0" "^2.0.0-3.0.0-beta.12"

"@girs/pango-1.0@^1.50.13-3.0.0-beta.12":
  version "1.50.13-3.0.0-beta.12"
  resolved "https://registry.yarnpkg.com/@girs/pango-1.0/-/pango-1.0-1.50.13-3.0.0-beta.12.tgz#42e18d0f7562c5739793904f8a2391529557adec"
  integrity sha512-rViwCeqbzWy7LBBiv4BVuUI0DIawRAfwpbGWfHBfteBhEhT33P5PG8tb4IHfV/q41mWUchVLtuut8bUf5AXWrQ==
  dependencies:
    "@girs/cairo-1.0" "^1.0.0-3.0.0-beta.12"
    "@girs/freetype2-2.0" "^2.0.0-3.0.0-beta.12"
    "@girs/gio-2.0" "^2.75.1-3.0.0-beta.12"
    "@girs/glib-2.0" "^2.75.1-3.0.0-beta.12"
    "@girs/gobject-2.0" "^2.75.1-3.0.0-beta.12"
    "@girs/harfbuzz-0.0" "^6.0.0-3.0.0-beta.12"

"@girs/pangocairo-1.0@^1.0.0-3.0.0-beta.12":
  version "1.0.0-3.0.0-beta.12"
  resolved "https://registry.yarnpkg.com/@girs/pangocairo-1.0/-/pangocairo-1.0-1.0.0-3.0.0-beta.12.tgz#207a5860d7a318c09aeaf2600faf79e3bb2d4e39"
  integrity sha512-j1m0oXKLzy+vPLj/mqbPkodA2UIfCBKD2ZBG0+sYtWWTQYgXLXYoOCN8nJ05Bd5V4wOza42PCQOOdfGdV9gfJg==
  dependencies:
    "@girs/cairo-1.0" "^1.0.0-3.0.0-beta.12"
    "@girs/freetype2-2.0" "^2.0.0-3.0.0-beta.12"
    "@girs/gio-2.0" "^2.75.1-3.0.0-beta.12"
    "@girs/glib-2.0" "^2.75.1-3.0.0-beta.12"
    "@girs/gobject-2.0" "^2.75.1-3.0.0-beta.12"
    "@girs/harfbuzz-0.0" "^6.0.0-3.0.0-beta.12"
    "@girs/pango-1.0" "^1.50.13-3.0.0-beta.12"

"@girs/xfixes-4.0@^4.0.0-3.0.0-beta.12":
  version "4.0.0-3.0.0-beta.12"
  resolved "https://registry.yarnpkg.com/@girs/xfixes-4.0/-/xfixes-4.0-4.0.0-3.0.0-beta.12.tgz#45dd4485327b67da739f91021a59a381414a7828"
  integrity sha512-UIbEeqgZOcs0OXy3+/9Hs6Jj7Ah6uGYgcw4oo0q+5QFidjZw6I1zhIH2jFYR/qkLn7zHcNMmj37Gy0WTh8lZkA==
  dependencies:
    "@girs/gobject-2.0" "^2.75.1-3.0.0-beta.12"

"@girs/xlib-2.0@^2.0.0-3.0.0-beta.12":
  version "2.0.0-3.0.0-beta.12"
  resolved "https://registry.yarnpkg.com/@girs/xlib-2.0/-/xlib-2.0-2.0.0-3.0.0-beta.12.tgz#fcd514bc2574333e4a249e4062185e19eea3d8b0"
  integrity sha512-tpkSNWtuQCKtR9Vi0xM9V85LykzTiylgAsfSfFWHTDwhHPVxp2xw4PDPrMcF4kbj382wcgR2pYpUiUD6CSa5Bg==
  dependencies:
    "@girs/gobject-2.0" "^2.75.1-3.0.0-beta.12"

"@jridgewell/resolve-uri@^3.0.3":
  version "3.1.1"
  resolved "https://registry.yarnpkg.com/@jridgewell/resolve-uri/-/resolve-uri-3.1.1.tgz#c08679063f279615a3326583ba3a90d1d82cc721"
  integrity sha512-dSYZh7HhCDtCKm4QakX0xFpsRDqjjtZf/kjI/v3T3Nwt5r8/qz/M19F9ySyOqU94SXBmeG9ttTul+YnR4LOxFA==

"@jridgewell/sourcemap-codec@^1.4.10":
  version "1.4.15"
  resolved "https://registry.yarnpkg.com/@jridgewell/sourcemap-codec/-/sourcemap-codec-1.4.15.tgz#d7c6e6755c78567a951e04ab52ef0fd26de59f32"
  integrity sha512-eF2rxCRulEKXHTRiDrDy6erMYWqNw4LPdQ8UQA4huuxaQsVeRPFl2oM8oDGxMFhJUWZf9McpLtJasDDZb/Bpeg==

"@jridgewell/trace-mapping@0.3.9":
  version "0.3.9"
  resolved "https://registry.yarnpkg.com/@jridgewell/trace-mapping/-/trace-mapping-0.3.9.tgz#6534fd5933a53ba7cbf3a17615e273a0d1273ff9"
  integrity sha512-3Belt6tdc8bPgAtbcmdtNJlirVoTmEb5e2gC94PnkwEW9jI6CAHUeoG85tjWP5WquqfavoMtMwiG4P926ZKKuQ==
  dependencies:
    "@jridgewell/resolve-uri" "^3.0.3"
    "@jridgewell/sourcemap-codec" "^1.4.10"

"@tsconfig/node10@^1.0.7":
  version "1.0.9"
  resolved "https://registry.yarnpkg.com/@tsconfig/node10/-/node10-1.0.9.tgz#df4907fc07a886922637b15e02d4cebc4c0021b2"
  integrity sha512-jNsYVVxU8v5g43Erja32laIDHXeoNvFEpX33OK4d6hljo3jDhCBDhx5dhCCTMWUojscpAagGiRkBKxpdl9fxqA==

"@tsconfig/node12@^1.0.7":
  version "1.0.11"
  resolved "https://registry.yarnpkg.com/@tsconfig/node12/-/node12-1.0.11.tgz#ee3def1f27d9ed66dac6e46a295cffb0152e058d"
  integrity sha512-cqefuRsh12pWyGsIoBKJA9luFu3mRxCA+ORZvA4ktLSzIuCUtWVxGIuXigEwO5/ywWFMZ2QEGKWvkZG1zDMTag==

"@tsconfig/node14@^1.0.0":
  version "1.0.3"
  resolved "https://registry.yarnpkg.com/@tsconfig/node14/-/node14-1.0.3.tgz#e4386316284f00b98435bf40f72f75a09dabf6c1"
  integrity sha512-ysT8mhdixWK6Hw3i1V2AeRqZ5WfXg1G43mqoYlM2nc6388Fq5jcXyr5mRsqViLx/GJYdoL0bfXD8nmF+Zn/Iow==

"@tsconfig/node16@^1.0.2":
  version "1.0.3"
  resolved "https://registry.yarnpkg.com/@tsconfig/node16/-/node16-1.0.3.tgz#472eaab5f15c1ffdd7f8628bd4c4f753995ec79e"
  integrity sha512-yOlFc+7UtL/89t2ZhjPvvB/DeAr3r+Dq58IgzsFkOAvVC6NMJXmCGjbptdXdR9qsX7pKcTL+s87FtYREi2dEEQ==

acorn-walk@^8.1.1:
  version "8.2.0"
  resolved "https://registry.yarnpkg.com/acorn-walk/-/acorn-walk-8.2.0.tgz#741210f2e2426454508853a2f44d0ab83b7f69c1"
  integrity sha512-k+iyHEuPgSw6SbuDpGQM+06HQUa04DZ3o+F6CSzXMvvI5KMvnaEqXe+YVe555R9nn6GPt404fos4wcgpw12SDA==

acorn@^8.4.1:
  version "8.8.2"
  resolved "https://registry.yarnpkg.com/acorn/-/acorn-8.8.2.tgz#1b2f25db02af965399b9776b0c2c391276d37c4a"
  integrity sha512-xjIYgE8HBrkpd/sJqOGNspf8uHG+NOHGOw6a/Urj8taM2EXfdNAH2oFcPeIFfsv3+kz/mJrS5VuMqbNLjCa2vw==

arg@^4.1.0:
  version "4.1.3"
  resolved "https://registry.yarnpkg.com/arg/-/arg-4.1.3.tgz#269fc7ad5b8e42cb63c896d5666017261c144089"
  integrity sha512-58S9QDqG0Xx27YwPSt9fJxivjYl432YCwfDMfZ+71RAqUrZef7LrKQZ3LHLOwCS4FLNBplP533Zx895SeOCHvA==

create-require@^1.1.0:
  version "1.1.1"
  resolved "https://registry.yarnpkg.com/create-require/-/create-require-1.1.1.tgz#c1d7e8f1e5f6cfc9ff65f9cd352d37348756c333"
  integrity sha512-dcKFX3jn0MpIaXjisoRvexIJVEKzaq7z2rZKxf+MSr9TkdmHmsU4m2lcLojrj/FHl8mk5VxMmYA+ftRkP/3oKQ==

diff@^4.0.1:
  version "4.0.2"
  resolved "https://registry.yarnpkg.com/diff/-/diff-4.0.2.tgz#60f3aecb89d5fae520c11aa19efc2bb982aade7d"
  integrity sha512-58lmxKSA4BNyLz+HHMUzlOEpg09FV+ev6ZMe3vJihgdxzgcwZ8VoEEPmALCZG9LmqfVoNMMKpttIYTVG6uDY7A==

esbuild@^0.17.17:
  version "0.17.17"
  resolved "https://registry.yarnpkg.com/esbuild/-/esbuild-0.17.17.tgz#fa906ab11b11d2ed4700f494f4f764229b25c916"
  integrity sha512-/jUywtAymR8jR4qsa2RujlAF7Krpt5VWi72Q2yuLD4e/hvtNcFQ0I1j8m/bxq238pf3/0KO5yuXNpuLx8BE1KA==
  optionalDependencies:
    "@esbuild/android-arm" "0.17.17"
    "@esbuild/android-arm64" "0.17.17"
    "@esbuild/android-x64" "0.17.17"
    "@esbuild/darwin-arm64" "0.17.17"
    "@esbuild/darwin-x64" "0.17.17"
    "@esbuild/freebsd-arm64" "0.17.17"
    "@esbuild/freebsd-x64" "0.17.17"
    "@esbuild/linux-arm" "0.17.17"
    "@esbuild/linux-arm64" "0.17.17"
    "@esbuild/linux-ia32" "0.17.17"
    "@esbuild/linux-loong64" "0.17.17"
    "@esbuild/linux-mips64el" "0.17.17"
    "@esbuild/linux-ppc64" "0.17.17"
    "@esbuild/linux-riscv64" "0.17.17"
    "@esbuild/linux-s390x" "0.17.17"
    "@esbuild/linux-x64" "0.17.17"
    "@esbuild/netbsd-x64" "0.17.17"
    "@esbuild/openbsd-x64" "0.17.17"
    "@esbuild/sunos-x64" "0.17.17"
    "@esbuild/win32-arm64" "0.17.17"
    "@esbuild/win32-ia32" "0.17.17"
    "@esbuild/win32-x64" "0.17.17"

make-error@^1.1.1:
  version "1.3.6"
  resolved "https://registry.yarnpkg.com/make-error/-/make-error-1.3.6.tgz#2eb2e37ea9b67c4891f684a1394799af484cf7a2"
  integrity sha512-s8UhlNe7vPKomQhC1qFelMokr/Sc3AgNbso3n74mVPA5LTZwkB9NlXf4XPamLxJE8h0gh73rM94xvwRT2CVInw==

ts-node@^10.9.1:
  version "10.9.1"
  resolved "https://registry.yarnpkg.com/ts-node/-/ts-node-10.9.1.tgz#e73de9102958af9e1f0b168a6ff320e25adcff4b"
  integrity sha512-NtVysVPkxxrwFGUUxGYhfux8k78pQB3JqYBXlLRZgdGUqTO5wU/UyHop5p70iEbGhB7q5KmiZiU0Y3KlJrScEw==
  dependencies:
    "@cspotcode/source-map-support" "^0.8.0"
    "@tsconfig/node10" "^1.0.7"
    "@tsconfig/node12" "^1.0.7"
    "@tsconfig/node14" "^1.0.0"
    "@tsconfig/node16" "^1.0.2"
    acorn "^8.4.1"
    acorn-walk "^8.1.1"
    arg "^4.1.0"
    create-require "^1.1.0"
    diff "^4.0.1"
    make-error "^1.1.1"
    v8-compile-cache-lib "^3.0.1"
    yn "3.1.1"

typescript@^5.0.4:
  version "5.0.4"
  resolved "https://registry.yarnpkg.com/typescript/-/typescript-5.0.4.tgz#b217fd20119bd61a94d4011274e0ab369058da3b"
  integrity sha512-cW9T5W9xY37cc+jfEnaUvX91foxtHkza3Nw3wkoF4sSlKn0MONdkdEndig/qPBWXNkmplh3NzayQzCiHM4/hqw==

v8-compile-cache-lib@^3.0.1:
  version "3.0.1"
  resolved "https://registry.yarnpkg.com/v8-compile-cache-lib/-/v8-compile-cache-lib-3.0.1.tgz#6336e8d71965cb3d35a1bbb7868445a7c05264bf"
  integrity sha512-wa7YjyUGfNZngI/vtK0UHAN+lgDCxBPCylVXGp0zu59Fz5aiGtNXaq3DhIov063MorB+VfufLh3JlF2KdTK3xg==

yn@3.1.1:
  version "3.1.1"
  resolved "https://registry.yarnpkg.com/yn/-/yn-3.1.1.tgz#1e87401a09d767c1d5eab26a6e4c185182d2eb50"
  integrity sha512-Ux4ygGWsu2c7isFWe8Yu1YluJmqVhxqK2cLXNQA5AcC3QfbGNpM7fu0Y8b/z16pXLnFxZYvWhd3fhBY9DLmC6Q==
