# THIS IS AN AUTOGENERATED FILE. DO NOT EDIT THIS FILE DIRECTLY.
# yarn lockfile v1


"@girs/atk-1.0@^2.45.1-3.0.0-beta.12":
  version "2.45.1-3.0.0-beta.12"
  resolved "https://registry.yarnpkg.com/@girs/atk-1.0/-/atk-1.0-2.45.1-3.0.0-beta.12.tgz#a94ec936103f582946e5fd06d4a3bf7e42fcf368"
  integrity sha512-pm1fQo10jfONBU+ROJ+GyhDgBdpBqgoA7jgBvYTQexFU0dldndxJEqTt7pSsNVj94alPa7X/YeWFQlkkG+tb+A==
  dependencies:
    "@girs/glib-2.0" "^2.75.1-3.0.0-beta.12"
    "@girs/gobject-2.0" "^2.75.1-3.0.0-beta.12"

"@girs/cairo-1.0@^1.0.0-3.0.0-beta.12":
  version "1.0.0-3.0.0-beta.12"
  resolved "https://registry.yarnpkg.com/@girs/cairo-1.0/-/cairo-1.0-1.0.0-3.0.0-beta.12.tgz#07502d164b4be0d4fdd92fc0afe686fc8191b00e"
  integrity sha512-6dXUTKhS7v2mcVsEwEljxaLQAuOP+FVbF1KPaXhHZqrz5Om4z2B5Fw0yonyiE1g+jGycYoQA1XEhOSU06sbXog==
  dependencies:
    "@girs/gobject-2.0" "^2.75.1-3.0.0-beta.12"

"@girs/clutter-11@^11.0.0-3.0.0-beta.12":
  version "11.0.0-3.0.0-beta.12"
  resolved "https://registry.yarnpkg.com/@girs/clutter-11/-/clutter-11-11.0.0-3.0.0-beta.12.tgz#a91bb63bc8630c9a377226a9cc81e79811f616cb"
  integrity sha512-GWimjJQjMqki1bcgr4PzNPO0sQCwrwT1pjrPvluR2ojd/7uiF3IoQi9cBHhSZaM/OhltWfupsqucU6mX9vXlYA==
  dependencies:
    "@girs/atk-1.0" "^2.45.1-3.0.0-beta.12"
    "@girs/cairo-1.0" "^1.0.0-3.0.0-beta.12"
    "@girs/cogl-11" "^11.0.0-3.0.0-beta.12"
    "@girs/coglpango-11" "^11.0.0-3.0.0-beta.12"
    "@girs/freetype2-2.0" "^2.0.0-3.0.0-beta.12"
    "@girs/gio-2.0" "^2.75.1-3.0.0-beta.12"
    "@girs/gl-1.0" "^1.0.0-3.0.0-beta.12"
    "@girs/glib-2.0" "^2.75.1-3.0.0-beta.12"
    "@girs/gobject-2.0" "^2.75.1-3.0.0-beta.12"
    "@girs/graphene-1.0" "^1.0.0-3.0.0-beta.12"
    "@girs/harfbuzz-0.0" "^6.0.0-3.0.0-beta.12"
    "@girs/json-1.0" "^1.7.1-3.0.0-beta.12"
    "@girs/pango-1.0" "^1.50.13-3.0.0-beta.12"
    "@girs/pangocairo-1.0" "^1.0.0-3.0.0-beta.12"

"@girs/cogl-11@^11.0.0-3.0.0-beta.12":
  version "11.0.0-3.0.0-beta.12"
  resolved "https://registry.yarnpkg.com/@girs/cogl-11/-/cogl-11-11.0.0-3.0.0-beta.12.tgz#ae78450028f705570e21dc941bb61b18af6b6855"
  integrity sha512-dqwZK8NbL/KrMSG0Hq711KOBv2BeGfQ2xe0F7hYuMJVluB2Rg9XVQwzVieXYDB/zZdyU/9AOoaHdNkZ57l2sfw==
  dependencies:
    "@girs/cairo-1.0" "^1.0.0-3.0.0-beta.12"
    "@girs/gl-1.0" "^1.0.0-3.0.0-beta.12"
    "@girs/glib-2.0" "^2.75.1-3.0.0-beta.12"
    "@girs/gobject-2.0" "^2.75.1-3.0.0-beta.12"
    "@girs/graphene-1.0" "^1.0.0-3.0.0-beta.12"

"@girs/coglpango-11@^11.0.0-3.0.0-beta.12":
  version "11.0.0-3.0.0-beta.12"
  resolved "https://registry.yarnpkg.com/@girs/coglpango-11/-/coglpango-11-11.0.0-3.0.0-beta.12.tgz#18882d9c91aeedb3372be2873e1629cbd70335df"
  integrity sha512-OUThrM5AjkfQaIEyItiMTA5fZWpqh5q/rkHPRfaqrL63fRgdWDa1g0TRgicRnsSm4m6zoyc1wkLubUZ7j+NDJQ==
  dependencies:
    "@girs/cairo-1.0" "^1.0.0-3.0.0-beta.12"
    "@girs/cogl-11" "^11.0.0-3.0.0-beta.12"
    "@girs/freetype2-2.0" "^2.0.0-3.0.0-beta.12"
    "@girs/gio-2.0" "^2.75.1-3.0.0-beta.12"
    "@girs/gl-1.0" "^1.0.0-3.0.0-beta.12"
    "@girs/glib-2.0" "^2.75.1-3.0.0-beta.12"
    "@girs/gobject-2.0" "^2.75.1-3.0.0-beta.12"
    "@girs/graphene-1.0" "^1.0.0-3.0.0-beta.12"
    "@girs/harfbuzz-0.0" "^6.0.0-3.0.0-beta.12"
    "@girs/pango-1.0" "^1.50.13-3.0.0-beta.12"
    "@girs/pangocairo-1.0" "^1.0.0-3.0.0-beta.12"

"@girs/freetype2-2.0@^2.0.0-3.0.0-beta.12":
  version "2.0.0-3.0.0-beta.12"
  resolved "https://registry.yarnpkg.com/@girs/freetype2-2.0/-/freetype2-2.0-2.0.0-3.0.0-beta.12.tgz#8394b89c84236b2d366b1b3570fd70b3a396ab76"
  integrity sha512-ar5az1nSnQINeSrQC3asJPTczdILp+NW01vtoaAcg1RCbjegYzbSBSz3wtqfvgIWv+msF60NL3jlgVPeTW1zrA==
  dependencies:
    "@girs/gobject-2.0" "^2.75.1-3.0.0-beta.12"

"@girs/gdesktopenums-3.0@^3.0.0-3.0.0-beta.12":
  version "3.0.0-3.0.0-beta.12"
  resolved "https://registry.yarnpkg.com/@girs/gdesktopenums-3.0/-/gdesktopenums-3.0-3.0.0-3.0.0-beta.12.tgz#1cf918b670397716dffe0390f34613964fd01973"
  integrity sha512-EZ4ApyVcIx6O7f7Y4C0XndEIweYDRWVAZlB26ttS4kDCUXrJHSyotGneQdXfKqiq/vkmhJY8k8FD8fBYp+nTcg==
  dependencies:
    "@girs/gobject-2.0" "^2.75.1-3.0.0-beta.12"

"@girs/gdk-3.0@^3.24.36-3.0.0-beta.12":
  version "3.24.36-3.0.0-beta.12"
  resolved "https://registry.yarnpkg.com/@girs/gdk-3.0/-/gdk-3.0-3.24.36-3.0.0-beta.12.tgz#3a8d0fc959e0db153ebeda38a83634055c3943f0"
  integrity sha512-pe9FOrE4Jq93qeQhEk/uMRhCzPXHs6AwVU7RSX/ZZscjlTF4lGaOSIuvSplhQYMBHv0DeOsSThXNYdYcqnVQdA==
  dependencies:
    "@girs/cairo-1.0" "^1.0.0-3.0.0-beta.12"
    "@girs/freetype2-2.0" "^2.0.0-3.0.0-beta.12"
    "@girs/gdkpixbuf-2.0" "^2.0.0-3.0.0-beta.12"
    "@girs/gio-2.0" "^2.75.1-3.0.0-beta.12"
    "@girs/glib-2.0" "^2.75.1-3.0.0-beta.12"
    "@girs/gmodule-2.0" "^2.0.0-3.0.0-beta.12"
    "@girs/gobject-2.0" "^2.75.1-3.0.0-beta.12"
    "@girs/harfbuzz-0.0" "^6.0.0-3.0.0-beta.12"
    "@girs/pango-1.0" "^1.50.13-3.0.0-beta.12"

"@girs/gdkpixbuf-2.0@^2.0.0-3.0.0-beta.12":
  version "2.0.0-3.0.0-beta.12"
  resolved "https://registry.yarnpkg.com/@girs/gdkpixbuf-2.0/-/gdkpixbuf-2.0-2.0.0-3.0.0-beta.12.tgz#60d3382970014f3dae78173e6dc57691263ad3bc"
  integrity sha512-tgkQ1JLekz8WzMFbogUkro/a3HjeKkz3Jor1eHf4tImUrVb5q1o9s6yhHBgPbTp+uOmL/nKAyR6dl2kAiBlfBw==
  dependencies:
    "@girs/gio-2.0" "^2.75.1-3.0.0-beta.12"
    "@girs/glib-2.0" "^2.75.1-3.0.0-beta.12"
    "@girs/gmodule-2.0" "^2.0.0-3.0.0-beta.12"
    "@girs/gobject-2.0" "^2.75.1-3.0.0-beta.12"

"@girs/gio-2.0@^2.75.1-3.0.0-beta.12":
  version "2.75.1-3.0.0-beta.12"
  resolved "https://registry.yarnpkg.com/@girs/gio-2.0/-/gio-2.0-2.75.1-3.0.0-beta.12.tgz#d9c88a323f92cf3f06e521fe77a13030ed2a0c4a"
  integrity sha512-Ykm5GFMXtzLUCtD2/m0HcSN5dk5/lE5+8TX3awkrUqhvb9ATAeAkiazDkD3EQGUc1BvByLEUJ2MVMk73Jqnlhg==
  dependencies:
    "@girs/glib-2.0" "^2.75.1-3.0.0-beta.12"
    "@girs/gobject-2.0" "^2.75.1-3.0.0-beta.12"

"@girs/gl-1.0@^1.0.0-3.0.0-beta.12":
  version "1.0.0-3.0.0-beta.12"
  resolved "https://registry.yarnpkg.com/@girs/gl-1.0/-/gl-1.0-1.0.0-3.0.0-beta.12.tgz#2023a00e562a7bc3c0bed34b282b805927392dd9"
  integrity sha512-x1ERLfb7fbg9Xl8Kto4x09HmRuEYKlJpZcsEziQABm1fU/0KhKcNmMhxvM6GOO5W6XXzPX/hSdPsHo4Egteing==
  dependencies:
    "@girs/gobject-2.0" "^2.75.1-3.0.0-beta.12"

"@girs/glib-2.0@^2.75.1-3.0.0-beta.12":
  version "2.75.1-3.0.0-beta.12"
  resolved "https://registry.yarnpkg.com/@girs/glib-2.0/-/glib-2.0-2.75.1-3.0.0-beta.12.tgz#b02b4ea76d5d4355a0ada08db30723a19f2b4eb9"
  integrity sha512-CfA5PZavhpb3om2/hKrvNBMP8O8mkhzH1vSB6BPuU5SNNzEFP37SMBMh5le90P9xtoAXlIR8BdjNTxgtvwY4cA==
  dependencies:
    "@girs/gobject-2.0" "^2.75.1-3.0.0-beta.12"

"@girs/gmodule-2.0@^2.0.0-3.0.0-beta.12":
  version "2.0.0-3.0.0-beta.12"
  resolved "https://registry.yarnpkg.com/@girs/gmodule-2.0/-/gmodule-2.0-2.0.0-3.0.0-beta.12.tgz#24df1a0ffea07c34b072545e21df4b5f7464a632"
  integrity sha512-bOPMXjzBXGJjlCC3IslEDjv6CrioyFbWLEUfX3T4YrErG1d5JXoseEOJ1u5ECQ1GpSG0DCQW0lzF1xv/aqSSpw==
  dependencies:
    "@girs/glib-2.0" "^2.75.1-3.0.0-beta.12"
    "@girs/gobject-2.0" "^2.75.1-3.0.0-beta.12"

"@girs/gobject-2.0@^2.75.1-3.0.0-beta.12":
  version "2.75.1-3.0.0-beta.12"
  resolved "https://registry.yarnpkg.com/@girs/gobject-2.0/-/gobject-2.0-2.75.1-3.0.0-beta.12.tgz#b82b01b4649fd0c9e038b7e171b9314a1d35ede7"
  integrity sha512-q5lCpcgGOSzs/2/Z1DDnQ5JSwq8WY25A+TwBVtb6ks3B+tj+oqCQ9fNXZ9iVRf8tEJKCU3NwLIjKtTGoH1JpDQ==
  dependencies:
    "@girs/glib-2.0" "^2.75.1-3.0.0-beta.12"

"@girs/graphene-1.0@^1.0.0-3.0.0-beta.12":
  version "1.0.0-3.0.0-beta.12"
  resolved "https://registry.yarnpkg.com/@girs/graphene-1.0/-/graphene-1.0-1.0.0-3.0.0-beta.12.tgz#323d823a95cf7087cd05034d60822873d62a982b"
  integrity sha512-r1vb54otASwDR6fp6ZWdO95ASinIH97O+oDFdgfEyeciFio6r8thB9cLpuS3+l065MM4WF64raxveEtDmKxVTQ==
  dependencies:
    "@girs/glib-2.0" "^2.75.1-3.0.0-beta.12"
    "@girs/gobject-2.0" "^2.75.1-3.0.0-beta.12"

"@girs/gtk-3.0@^3.24.36-3.0.0-beta.12":
  version "3.24.36-3.0.0-beta.12"
  resolved "https://registry.yarnpkg.com/@girs/gtk-3.0/-/gtk-3.0-3.24.36-3.0.0-beta.12.tgz#ee582acf9b9439b5792df5693a157a2ad392c4db"
  integrity sha512-9RGCcVSzHzRRihvXTuL8nyHqsSCuIamBIhXEfuz8bWyoOteHwpfeosGdIsBx59h1Nl+w28QUCo4NIPyLHFN56g==
  dependencies:
    "@girs/atk-1.0" "^2.45.1-3.0.0-beta.12"
    "@girs/cairo-1.0" "^1.0.0-3.0.0-beta.12"
    "@girs/freetype2-2.0" "^2.0.0-3.0.0-beta.12"
    "@girs/gdk-3.0" "^3.24.36-3.0.0-beta.12"
    "@girs/gdkpixbuf-2.0" "^2.0.0-3.0.0-beta.12"
    "@girs/gio-2.0" "^2.75.1-3.0.0-beta.12"
    "@girs/glib-2.0" "^2.75.1-3.0.0-beta.12"
    "@girs/gmodule-2.0" "^2.0.0-3.0.0-beta.12"
    "@girs/gobject-2.0" "^2.75.1-3.0.0-beta.12"
    "@girs/harfbuzz-0.0" "^6.0.0-3.0.0-beta.12"
    "@girs/pango-1.0" "^1.50.13-3.0.0-beta.12"
    "@girs/xlib-2.0" "^2.0.0-3.0.0-beta.12"

"@girs/harfbuzz-0.0@^6.0.0-3.0.0-beta.12":
  version "6.0.0-3.0.0-beta.12"
  resolved "https://registry.yarnpkg.com/@girs/harfbuzz-0.0/-/harfbuzz-0.0-6.0.0-3.0.0-beta.12.tgz#843fff7ab9acfbbf4c7959e30e71ad5f7b7ddcad"
  integrity sha512-r9+tTVk+FShb2VdwBemZcJuzBaMLlgqOJpfx2UAkrH+MdwOGRAwhR2/lmXTKrBFJBlvHg239KcSVxhQUDuoysQ==
  dependencies:
    "@girs/freetype2-2.0" "^2.0.0-3.0.0-beta.12"
    "@girs/glib-2.0" "^2.75.1-3.0.0-beta.12"
    "@girs/gobject-2.0" "^2.75.1-3.0.0-beta.12"

"@girs/json-1.0@^1.7.1-3.0.0-beta.12":
  version "1.7.1-3.0.0-beta.12"
  resolved "https://registry.yarnpkg.com/@girs/json-1.0/-/json-1.0-1.7.1-3.0.0-beta.12.tgz#0f8a7414530df064e2d8bc98ec81625568309247"
  integrity sha512-DxnjsGnbVfEcZ/ELeHDs3406YhAkk9Enzrh0NntIm/7o33z+xLQAJROIeQhzhj4Q1g1PNHtcLwIAd8SfIMjB9g==
  dependencies:
    "@girs/gio-2.0" "^2.75.1-3.0.0-beta.12"
    "@girs/glib-2.0" "^2.75.1-3.0.0-beta.12"
    "@girs/gobject-2.0" "^2.75.1-3.0.0-beta.12"

"@girs/meta-11@^11.0.0-3.0.0-beta.12":
  version "11.0.0-3.0.0-beta.12"
  resolved "https://registry.yarnpkg.com/@girs/meta-11/-/meta-11-11.0.0-3.0.0-beta.12.tgz#0b03fdf13f4a8cdd8780bff46c25de6123726a2f"
  integrity sha512-H5mUryrWGuXg6mCPq2DXTKEStTPCsDFirpsxH9WxNvqSG3YjRv9sG/sJrxMbbsM8jeY5q/POveQLbH5zHCBhQw==
  dependencies:
    "@girs/atk-1.0" "^2.45.1-3.0.0-beta.12"
    "@girs/cairo-1.0" "^1.0.0-3.0.0-beta.12"
    "@girs/clutter-11" "^11.0.0-3.0.0-beta.12"
    "@girs/cogl-11" "^11.0.0-3.0.0-beta.12"
    "@girs/coglpango-11" "^11.0.0-3.0.0-beta.12"
    "@girs/freetype2-2.0" "^2.0.0-3.0.0-beta.12"
    "@girs/gdesktopenums-3.0" "^3.0.0-3.0.0-beta.12"
    "@girs/gdk-3.0" "^3.24.36-3.0.0-beta.12"
    "@girs/gdkpixbuf-2.0" "^2.0.0-3.0.0-beta.12"
    "@girs/gio-2.0" "^2.75.1-3.0.0-beta.12"
    "@girs/gl-1.0" "^1.0.0-3.0.0-beta.12"
    "@girs/glib-2.0" "^2.75.1-3.0.0-beta.12"
    "@girs/gmodule-2.0" "^2.0.0-3.0.0-beta.12"
    "@girs/gobject-2.0" "^2.75.1-3.0.0-beta.12"
    "@girs/graphene-1.0" "^1.0.0-3.0.0-beta.12"
    "@girs/gtk-3.0" "^3.24.36-3.0.0-beta.12"
    "@girs/harfbuzz-0.0" "^6.0.0-3.0.0-beta.12"
    "@girs/json-1.0" "^1.7.1-3.0.0-beta.12"
    "@girs/pango-1.0" "^1.50.13-3.0.0-beta.12"
    "@girs/pangocairo-1.0" "^1.0.0-3.0.0-beta.12"
    "@girs/xfixes-4.0" "^4.0.0-3.0.0-beta.12"
    "@girs/xlib-2.0" "^2.0.0-3.0.0-beta.12"

"@girs/pango-1.0@^1.50.13-3.0.0-beta.12":
  version "1.50.13-3.0.0-beta.12"
  resolved "https://registry.yarnpkg.com/@girs/pango-1.0/-/pango-1.0-1.50.13-3.0.0-beta.12.tgz#42e18d0f7562c5739793904f8a2391529557adec"
  integrity sha512-rViwCeqbzWy7LBBiv4BVuUI0DIawRAfwpbGWfHBfteBhEhT33P5PG8tb4IHfV/q41mWUchVLtuut8bUf5AXWrQ==
  dependencies:
    "@girs/cairo-1.0" "^1.0.0-3.0.0-beta.12"
    "@girs/freetype2-2.0" "^2.0.0-3.0.0-beta.12"
    "@girs/gio-2.0" "^2.75.1-3.0.0-beta.12"
    "@girs/glib-2.0" "^2.75.1-3.0.0-beta.12"
    "@girs/gobject-2.0" "^2.75.1-3.0.0-beta.12"
    "@girs/harfbuzz-0.0" "^6.0.0-3.0.0-beta.12"

"@girs/pangocairo-1.0@^1.0.0-3.0.0-beta.12":
  version "1.0.0-3.0.0-beta.12"
  resolved "https://registry.yarnpkg.com/@girs/pangocairo-1.0/-/pangocairo-1.0-1.0.0-3.0.0-beta.12.tgz#207a5860d7a318c09aeaf2600faf79e3bb2d4e39"
  integrity sha512-j1m0oXKLzy+vPLj/mqbPkodA2UIfCBKD2ZBG0+sYtWWTQYgXLXYoOCN8nJ05Bd5V4wOza42PCQOOdfGdV9gfJg==
  dependencies:
    "@girs/cairo-1.0" "^1.0.0-3.0.0-beta.12"
    "@girs/freetype2-2.0" "^2.0.0-3.0.0-beta.12"
    "@girs/gio-2.0" "^2.75.1-3.0.0-beta.12"
    "@girs/glib-2.0" "^2.75.1-3.0.0-beta.12"
    "@girs/gobject-2.0" "^2.75.1-3.0.0-beta.12"
    "@girs/harfbuzz-0.0" "^6.0.0-3.0.0-beta.12"
    "@girs/pango-1.0" "^1.50.13-3.0.0-beta.12"

"@girs/xfixes-4.0@^4.0.0-3.0.0-beta.12":
  version "4.0.0-3.0.0-beta.12"
  resolved "https://registry.yarnpkg.com/@girs/xfixes-4.0/-/xfixes-4.0-4.0.0-3.0.0-beta.12.tgz#45dd4485327b67da739f91021a59a381414a7828"
  integrity sha512-UIbEeqgZOcs0OXy3+/9Hs6Jj7Ah6uGYgcw4oo0q+5QFidjZw6I1zhIH2jFYR/qkLn7zHcNMmj37Gy0WTh8lZkA==
  dependencies:
    "@girs/gobject-2.0" "^2.75.1-3.0.0-beta.12"

"@girs/xlib-2.0@^2.0.0-3.0.0-beta.12":
  version "2.0.0-3.0.0-beta.12"
  resolved "https://registry.yarnpkg.com/@girs/xlib-2.0/-/xlib-2.0-2.0.0-3.0.0-beta.12.tgz#fcd514bc2574333e4a249e4062185e19eea3d8b0"
  integrity sha512-tpkSNWtuQCKtR9Vi0xM9V85LykzTiylgAsfSfFWHTDwhHPVxp2xw4PDPrMcF4kbj382wcgR2pYpUiUD6CSa5Bg==
  dependencies:
    "@girs/gobject-2.0" "^2.75.1-3.0.0-beta.12"

typescript@^5.0.4:
  version "5.0.4"
  resolved "https://registry.yarnpkg.com/typescript/-/typescript-5.0.4.tgz#b217fd20119bd61a94d4011274e0ab369058da3b"
  integrity sha512-cW9T5W9xY37cc+jfEnaUvX91foxtHkza3Nw3wkoF4sSlKn0MONdkdEndig/qPBWXNkmplh3NzayQzCiHM4/hqw==
